
Microsoft Visual Studio Solution File, Format Version 12.00
# Visual Studio 15
VisualStudioVersion = 15.0.28010.2016
MinimumVisualStudioVersion = 10.0.40219.1
Project("{FAE04EC0-301F-11D3-BF4B-00C04F79EFBC}") = "Assignment2", "Assignment2\Assignment2.csproj", "{318BFC6B-4878-49C6-952E-8DD62EAC9CD4}"
EndProject
Global
	GlobalSection(SolutionConfigurationPlatforms) = preSolution
		Debug|Any CPU = Debug|Any CPU
		Release|Any CPU = Release|Any CPU
	EndGlobalSection
	GlobalSection(ProjectConfigurationPlatforms) = postSolution
		{318BFC6B-4878-49C6-952E-8DD62EAC9CD4}.Debug|Any CPU.ActiveCfg = Debug|Any CPU
		{318BFC6B-4878-49C6-952E-8DD62EAC9CD4}.Debug|Any CPU.Build.0 = Debug|Any CPU
		{318BFC6B-4878-49C6-952E-8DD62EAC9CD4}.Release|Any CPU.ActiveCfg = Release|Any CPU
		{318BFC6B-4878-49C6-952E-8DD62EAC9CD4}.Release|Any CPU.Build.0 = Release|Any CPU
	EndGlobalSection
	GlobalSection(SolutionProperties) = preSolution
		HideSolutionNode = FALSE
	EndGlobalSection
	GlobalSection(ExtensibilityGlobals) = postSolution
		SolutionGuid = {C47EA417-08E6-45F1-B7DD-317D1918899F}
	EndGlobalSection
EndGlobal
